PODS:
  - QuickLayout (3.0.0)
  - SwiftEntryKit (1.2.3):
    - QuickLayout (= 3.0.0)

DEPENDENCIES:
  - SwiftEntryKit

SPEC REPOS:
  trunk:
    - QuickLayout
    - SwiftEntryKit

SPEC CHECKSUMS:
  QuickLayout: 07b45a72b10083fee3f095990cfed1c1e7b27f0a
  SwiftEntryKit: 340713c2e4a6662c5149629990bf1088bf5f0389

PODFILE CHECKSUM: 533cf2b58c9fd8d51c0fc541c894245268a17d8a

COCOAPODS: 1.10.1
