// !$*UTF8*$!
{
	archiveVersion = 1;
	classes = {
	};
	objectVersion = 50;
	objects = {

/* Begin PBXBuildFile section */
		0806B0B326A2B96400489884 /* FlashlightStatus.swift in Sources */ = {isa = PBXBuildFile; fileRef = 0806B0B226A2B96400489884 /* FlashlightStatus.swift */; };
		0806B0B726A2BBB600489884 /* MainRouter.swift in Sources */ = {isa = PBXBuildFile; fileRef = 0806B0B626A2BBB600489884 /* MainRouter.swift */; };
		0806B0BB26A2BD7B00489884 /* MainBuilder.swift in Sources */ = {isa = PBXBuildFile; fileRef = 0806B0BA26A2BD7B00489884 /* MainBuilder.swift */; };
		0806B0BF26A2C14700489884 /* STModal.swift in Sources */ = {isa = PBXBuildFile; fileRef = 0806B0BE26A2C14700489884 /* STModal.swift */; };
		0806B0C226A2C17000489884 /* STAlert.swift in Sources */ = {isa = PBXBuildFile; fileRef = 0806B0C126A2C16F00489884 /* STAlert.swift */; };
		9220A0F0250132D4000562F3 /* MainPresenter.swift in Sources */ = {isa = PBXBuildFile; fileRef = 9220A0EA250132D4000562F3 /* MainPresenter.swift */; };
		9220A0F1250132D4000562F3 /* Product.swift in Sources */ = {isa = PBXBuildFile; fileRef = 9220A0EC250132D4000562F3 /* Product.swift */; };
		9220A0F2250132D4000562F3 /* MainViewController.xib in Resources */ = {isa = PBXBuildFile; fileRef = 9220A0EE250132D4000562F3 /* MainViewController.xib */; };
		9220A0F3250132D4000562F3 /* MainViewController.swift in Sources */ = {isa = PBXBuildFile; fileRef = 9220A0EF250132D4000562F3 /* MainViewController.swift */; };
		9220A0F6250132EC000562F3 /* UIViewController.swift in Sources */ = {isa = PBXBuildFile; fileRef = 9220A0F5250132EC000562F3 /* UIViewController.swift */; };
		9220A0FC250132F7000562F3 /* STCamera.swift in Sources */ = {isa = PBXBuildFile; fileRef = 9220A0F9250132F7000562F3 /* STCamera.swift */; };
		9220A0FD250132F7000562F3 /* NetworkService.swift in Sources */ = {isa = PBXBuildFile; fileRef = 9220A0FB250132F7000562F3 /* NetworkService.swift */; };
		924521112427AC360050F4DD /* BarcodeRectangleView.swift in Sources */ = {isa = PBXBuildFile; fileRef = 924521102427AC360050F4DD /* BarcodeRectangleView.swift */; };
		924521202427CCB00050F4DD /* ProductView.xib in Resources */ = {isa = PBXBuildFile; fileRef = 9245211F2427CCB00050F4DD /* ProductView.xib */; };
		924521222427CCDA0050F4DD /* ProductView.swift in Sources */ = {isa = PBXBuildFile; fileRef = 924521212427CCDA0050F4DD /* ProductView.swift */; };
		9254558024265D65007F5FD4 /* AppDelegate.swift in Sources */ = {isa = PBXBuildFile; fileRef = 9254557F24265D65007F5FD4 /* AppDelegate.swift */; };
		9254558224265D65007F5FD4 /* SceneDelegate.swift in Sources */ = {isa = PBXBuildFile; fileRef = 9254558124265D65007F5FD4 /* SceneDelegate.swift */; };
		9254558924265D66007F5FD4 /* Assets.xcassets in Resources */ = {isa = PBXBuildFile; fileRef = 9254558824265D66007F5FD4 /* Assets.xcassets */; };
		9254558C24265D66007F5FD4 /* LaunchScreen.storyboard in Resources */ = {isa = PBXBuildFile; fileRef = 9254558A24265D66007F5FD4 /* LaunchScreen.storyboard */; };
		92C31775250160EC000FC593 /* Attributes.swift in Sources */ = {isa = PBXBuildFile; fileRef = 92C31774250160EC000FC593 /* Attributes.swift */; };
		92C3177825016479000FC593 /* PopupBuilder.swift in Sources */ = {isa = PBXBuildFile; fileRef = 92C3177725016479000FC593 /* PopupBuilder.swift */; };
		92C3177B2501718B000FC593 /* GoogleResponse.swift in Sources */ = {isa = PBXBuildFile; fileRef = 92C3177A2501718B000FC593 /* GoogleResponse.swift */; };
		92ECA710242920D000CCE0B7 /* ProximaNovaExCn-Thin.ttf in Resources */ = {isa = PBXBuildFile; fileRef = 92ECA6E6242920D000CCE0B7 /* ProximaNovaExCn-Thin.ttf */; };
		92ECA711242920D000CCE0B7 /* ProximaNovaExCn-Light.ttf in Resources */ = {isa = PBXBuildFile; fileRef = 92ECA6E7242920D000CCE0B7 /* ProximaNovaExCn-Light.ttf */; };
		92ECA717242920D000CCE0B7 /* ProximaNovaExCn-Regular.ttf in Resources */ = {isa = PBXBuildFile; fileRef = 92ECA6ED242920D000CCE0B7 /* ProximaNovaExCn-Regular.ttf */; };
		92ECA71C242920D000CCE0B7 /* ProximaNovaExCn-Bold.ttf in Resources */ = {isa = PBXBuildFile; fileRef = 92ECA6F2242920D000CCE0B7 /* ProximaNovaExCn-Bold.ttf */; };
		92ECA7342429297E00CCE0B7 /* ErrorPopup.xib in Resources */ = {isa = PBXBuildFile; fileRef = 92ECA7332429297E00CCE0B7 /* ErrorPopup.xib */; };
		92ECA73624292C7F00CCE0B7 /* ErrorPopup.swift in Sources */ = {isa = PBXBuildFile; fileRef = 92ECA73524292C7F00CCE0B7 /* ErrorPopup.swift */; };
		92ECA738242A347800CCE0B7 /* UIView.swift in Sources */ = {isa = PBXBuildFile; fileRef = 92ECA737242A347800CCE0B7 /* UIView.swift */; };
		E9EF20C0E411E9E836F053D9 /* libPods-BarcodeScanner.a in Frameworks */ = {isa = PBXBuildFile; fileRef = F63026D1ABCF9F9F9E9B3E1D /* libPods-BarcodeScanner.a */; };
/* End PBXBuildFile section */

/* Begin PBXFileReference section */
		0806B0B226A2B96400489884 /* FlashlightStatus.swift */ = {isa = PBXFileReference; lastKnownFileType = sourcecode.swift; path = FlashlightStatus.swift; sourceTree = "<group>"; };
		0806B0B626A2BBB600489884 /* MainRouter.swift */ = {isa = PBXFileReference; lastKnownFileType = sourcecode.swift; path = MainRouter.swift; sourceTree = "<group>"; };
		0806B0BA26A2BD7B00489884 /* MainBuilder.swift */ = {isa = PBXFileReference; lastKnownFileType = sourcecode.swift; path = MainBuilder.swift; sourceTree = "<group>"; };
		0806B0BE26A2C14700489884 /* STModal.swift */ = {isa = PBXFileReference; lastKnownFileType = sourcecode.swift; path = STModal.swift; sourceTree = "<group>"; };
		0806B0C126A2C16F00489884 /* STAlert.swift */ = {isa = PBXFileReference; lastKnownFileType = sourcecode.swift; path = STAlert.swift; sourceTree = "<group>"; };
		79180CF1F92ACB640AF74021 /* Pods-BarcodeScanner.debug.xcconfig */ = {isa = PBXFileReference; includeInIndex = 1; lastKnownFileType = text.xcconfig; name = "Pods-BarcodeScanner.debug.xcconfig"; path = "Target Support Files/Pods-BarcodeScanner/Pods-BarcodeScanner.debug.xcconfig"; sourceTree = "<group>"; };
		9220A0EA250132D4000562F3 /* MainPresenter.swift */ = {isa = PBXFileReference; fileEncoding = 4; lastKnownFileType = sourcecode.swift; path = MainPresenter.swift; sourceTree = "<group>"; };
		9220A0EC250132D4000562F3 /* Product.swift */ = {isa = PBXFileReference; fileEncoding = 4; lastKnownFileType = sourcecode.swift; path = Product.swift; sourceTree = "<group>"; };
		9220A0EE250132D4000562F3 /* MainViewController.xib */ = {isa = PBXFileReference; fileEncoding = 4; lastKnownFileType = file.xib; path = MainViewController.xib; sourceTree = "<group>"; };
		9220A0EF250132D4000562F3 /* MainViewController.swift */ = {isa = PBXFileReference; fileEncoding = 4; lastKnownFileType = sourcecode.swift; path = MainViewController.swift; sourceTree = "<group>"; };
		9220A0F5250132EC000562F3 /* UIViewController.swift */ = {isa = PBXFileReference; fileEncoding = 4; lastKnownFileType = sourcecode.swift; path = UIViewController.swift; sourceTree = "<group>"; };
		9220A0F9250132F7000562F3 /* STCamera.swift */ = {isa = PBXFileReference; fileEncoding = 4; lastKnownFileType = sourcecode.swift; path = STCamera.swift; sourceTree = "<group>"; };
		9220A0FB250132F7000562F3 /* NetworkService.swift */ = {isa = PBXFileReference; fileEncoding = 4; lastKnownFileType = sourcecode.swift; path = NetworkService.swift; sourceTree = "<group>"; };
		924521102427AC360050F4DD /* BarcodeRectangleView.swift */ = {isa = PBXFileReference; lastKnownFileType = sourcecode.swift; path = BarcodeRectangleView.swift; sourceTree = "<group>"; };
		9245211F2427CCB00050F4DD /* ProductView.xib */ = {isa = PBXFileReference; lastKnownFileType = file.xib; path = ProductView.xib; sourceTree = "<group>"; };
		924521212427CCDA0050F4DD /* ProductView.swift */ = {isa = PBXFileReference; lastKnownFileType = sourcecode.swift; path = ProductView.swift; sourceTree = "<group>"; };
		9254557C24265D65007F5FD4 /* BarcodeScanner.app */ = {isa = PBXFileReference; explicitFileType = wrapper.application; includeInIndex = 0; path = BarcodeScanner.app; sourceTree = BUILT_PRODUCTS_DIR; };
		9254557F24265D65007F5FD4 /* AppDelegate.swift */ = {isa = PBXFileReference; lastKnownFileType = sourcecode.swift; path = AppDelegate.swift; sourceTree = "<group>"; };
		9254558124265D65007F5FD4 /* SceneDelegate.swift */ = {isa = PBXFileReference; lastKnownFileType = sourcecode.swift; path = SceneDelegate.swift; sourceTree = "<group>"; };
		9254558824265D66007F5FD4 /* Assets.xcassets */ = {isa = PBXFileReference; lastKnownFileType = folder.assetcatalog; path = Assets.xcassets; sourceTree = "<group>"; };
		9254558B24265D66007F5FD4 /* Base */ = {isa = PBXFileReference; lastKnownFileType = file.storyboard; name = Base; path = Base.lproj/LaunchScreen.storyboard; sourceTree = "<group>"; };
		9254558D24265D66007F5FD4 /* Info.plist */ = {isa = PBXFileReference; lastKnownFileType = text.plist.xml; path = Info.plist; sourceTree = "<group>"; };
		92C31774250160EC000FC593 /* Attributes.swift */ = {isa = PBXFileReference; lastKnownFileType = sourcecode.swift; path = Attributes.swift; sourceTree = "<group>"; };
		92C3177725016479000FC593 /* PopupBuilder.swift */ = {isa = PBXFileReference; lastKnownFileType = sourcecode.swift; path = PopupBuilder.swift; sourceTree = "<group>"; };
		92C3177A2501718B000FC593 /* GoogleResponse.swift */ = {isa = PBXFileReference; lastKnownFileType = sourcecode.swift; path = GoogleResponse.swift; sourceTree = "<group>"; };
		92ECA6E6242920D000CCE0B7 /* ProximaNovaExCn-Thin.ttf */ = {isa = PBXFileReference; lastKnownFileType = file; path = "ProximaNovaExCn-Thin.ttf"; sourceTree = "<group>"; };
		92ECA6E7242920D000CCE0B7 /* ProximaNovaExCn-Light.ttf */ = {isa = PBXFileReference; lastKnownFileType = file; path = "ProximaNovaExCn-Light.ttf"; sourceTree = "<group>"; };
		92ECA6ED242920D000CCE0B7 /* ProximaNovaExCn-Regular.ttf */ = {isa = PBXFileReference; lastKnownFileType = file; path = "ProximaNovaExCn-Regular.ttf"; sourceTree = "<group>"; };
		92ECA6F2242920D000CCE0B7 /* ProximaNovaExCn-Bold.ttf */ = {isa = PBXFileReference; lastKnownFileType = file; path = "ProximaNovaExCn-Bold.ttf"; sourceTree = "<group>"; };
		92ECA7332429297E00CCE0B7 /* ErrorPopup.xib */ = {isa = PBXFileReference; lastKnownFileType = file.xib; path = ErrorPopup.xib; sourceTree = "<group>"; };
		92ECA73524292C7F00CCE0B7 /* ErrorPopup.swift */ = {isa = PBXFileReference; lastKnownFileType = sourcecode.swift; path = ErrorPopup.swift; sourceTree = "<group>"; };
		92ECA737242A347800CCE0B7 /* UIView.swift */ = {isa = PBXFileReference; lastKnownFileType = sourcecode.swift; path = UIView.swift; sourceTree = "<group>"; };
		EF879855EA857755783B90DA /* Pods-BarcodeScanner.release.xcconfig */ = {isa = PBXFileReference; includeInIndex = 1; lastKnownFileType = text.xcconfig; name = "Pods-BarcodeScanner.release.xcconfig"; path = "Target Support Files/Pods-BarcodeScanner/Pods-BarcodeScanner.release.xcconfig"; sourceTree = "<group>"; };
		F63026D1ABCF9F9F9E9B3E1D /* libPods-BarcodeScanner.a */ = {isa = PBXFileReference; explicitFileType = archive.ar; includeInIndex = 0; path = "libPods-BarcodeScanner.a"; sourceTree = BUILT_PRODUCTS_DIR; };
/* End PBXFileReference section */

/* Begin PBXFrameworksBuildPhase section */
		9254557924265D65007F5FD4 /* Frameworks */ = {
			isa = PBXFrameworksBuildPhase;
			buildActionMask = 2147483647;
			files = (
				E9EF20C0E411E9E836F053D9 /* libPods-BarcodeScanner.a in Frameworks */,
			);
			runOnlyForDeploymentPostprocessing = 0;
		};
/* End PBXFrameworksBuildPhase section */

/* Begin PBXGroup section */
		0806B0B026A2B95200489884 /* Components */ = {
			isa = PBXGroup;
			children = (
				0806B0C026A2C15900489884 /* STAlert */,
				0806B0BD26A2C12E00489884 /* STModal */,
				0806B0B126A2B95800489884 /* STCamera */,
			);
			path = Components;
			sourceTree = "<group>";
		};
		0806B0B126A2B95800489884 /* STCamera */ = {
			isa = PBXGroup;
			children = (
				9220A0F9250132F7000562F3 /* STCamera.swift */,
				0806B0B226A2B96400489884 /* FlashlightStatus.swift */,
			);
			path = STCamera;
			sourceTree = "<group>";
		};
		0806B0B526A2BBAD00489884 /* Router */ = {
			isa = PBXGroup;
			children = (
				0806B0B626A2BBB600489884 /* MainRouter.swift */,
			);
			path = Router;
			sourceTree = "<group>";
		};
		0806B0B926A2BD7400489884 /* Builder */ = {
			isa = PBXGroup;
			children = (
				0806B0BA26A2BD7B00489884 /* MainBuilder.swift */,
			);
			path = Builder;
			sourceTree = "<group>";
		};
		0806B0BD26A2C12E00489884 /* STModal */ = {
			isa = PBXGroup;
			children = (
				0806B0BE26A2C14700489884 /* STModal.swift */,
			);
			path = STModal;
			sourceTree = "<group>";
		};
		0806B0C026A2C15900489884 /* STAlert */ = {
			isa = PBXGroup;
			children = (
				0806B0C126A2C16F00489884 /* STAlert.swift */,
			);
			path = STAlert;
			sourceTree = "<group>";
		};
		08FBAB7926A20BA000DF4592 /* Supporting Files */ = {
			isa = PBXGroup;
			children = (
				9254558D24265D66007F5FD4 /* Info.plist */,
				92ECA6DE242920D000CCE0B7 /* Font */,
				9254557F24265D65007F5FD4 /* AppDelegate.swift */,
				9254558124265D65007F5FD4 /* SceneDelegate.swift */,
				9254558824265D66007F5FD4 /* Assets.xcassets */,
				9254558A24265D66007F5FD4 /* LaunchScreen.storyboard */,
			);
			path = "Supporting Files";
			sourceTree = "<group>";
		};
		08FBAB7A26A20C9100DF4592 /* Modules */ = {
			isa = PBXGroup;
			children = (
				08FBAB8026A20DA200DF4592 /* Error */,
				08FBAB7E26A20D5800DF4592 /* Product */,
				08FBAB7B26A20C9500DF4592 /* Main */,
			);
			path = Modules;
			sourceTree = "<group>";
		};
		08FBAB7B26A20C9500DF4592 /* Main */ = {
			isa = PBXGroup;
			children = (
				9220A0EB250132D4000562F3 /* Model */,
				9220A0ED250132D4000562F3 /* View */,
				9220A0E9250132D4000562F3 /* Presenter */,
				0806B0B526A2BBAD00489884 /* Router */,
				0806B0B926A2BD7400489884 /* Builder */,
			);
			path = Main;
			sourceTree = "<group>";
		};
		08FBAB7C26A20CB100DF4592 /* Common */ = {
			isa = PBXGroup;
			children = (
				0806B0B026A2B95200489884 /* Components */,
				08FBAB8226A20DB600DF4592 /* Models */,
				9220A0F7250132F7000562F3 /* Services */,
				9220A0FE25013368000562F3 /* Helpers */,
				08FBAB7D26A20CB500DF4592 /* Extensions */,
			);
			path = Common;
			sourceTree = "<group>";
		};
		08FBAB7D26A20CB500DF4592 /* Extensions */ = {
			isa = PBXGroup;
			children = (
				92ECA737242A347800CCE0B7 /* UIView.swift */,
				9220A0F5250132EC000562F3 /* UIViewController.swift */,
			);
			path = Extensions;
			sourceTree = "<group>";
		};
		08FBAB7E26A20D5800DF4592 /* Product */ = {
			isa = PBXGroup;
			children = (
				08FBAB7F26A20D6400DF4592 /* View */,
			);
			path = Product;
			sourceTree = "<group>";
		};
		08FBAB7F26A20D6400DF4592 /* View */ = {
			isa = PBXGroup;
			children = (
				9245211F2427CCB00050F4DD /* ProductView.xib */,
				924521212427CCDA0050F4DD /* ProductView.swift */,
			);
			path = View;
			sourceTree = "<group>";
		};
		08FBAB8026A20DA200DF4592 /* Error */ = {
			isa = PBXGroup;
			children = (
				08FBAB8126A20DA700DF4592 /* View */,
			);
			path = Error;
			sourceTree = "<group>";
		};
		08FBAB8126A20DA700DF4592 /* View */ = {
			isa = PBXGroup;
			children = (
				92ECA7332429297E00CCE0B7 /* ErrorPopup.xib */,
				92ECA73524292C7F00CCE0B7 /* ErrorPopup.swift */,
			);
			path = View;
			sourceTree = "<group>";
		};
		08FBAB8226A20DB600DF4592 /* Models */ = {
			isa = PBXGroup;
			children = (
				92C3177A2501718B000FC593 /* GoogleResponse.swift */,
			);
			path = Models;
			sourceTree = "<group>";
		};
		1D168A74C45B9B979B0659DA /* Pods */ = {
			isa = PBXGroup;
			children = (
				79180CF1F92ACB640AF74021 /* Pods-BarcodeScanner.debug.xcconfig */,
				EF879855EA857755783B90DA /* Pods-BarcodeScanner.release.xcconfig */,
			);
			path = Pods;
			sourceTree = "<group>";
		};
		9220A0E9250132D4000562F3 /* Presenter */ = {
			isa = PBXGroup;
			children = (
				9220A0EA250132D4000562F3 /* MainPresenter.swift */,
			);
			path = Presenter;
			sourceTree = "<group>";
		};
		9220A0EB250132D4000562F3 /* Model */ = {
			isa = PBXGroup;
			children = (
				9220A0EC250132D4000562F3 /* Product.swift */,
			);
			path = Model;
			sourceTree = "<group>";
		};
		9220A0ED250132D4000562F3 /* View */ = {
			isa = PBXGroup;
			children = (
				9220A0EE250132D4000562F3 /* MainViewController.xib */,
				9220A0EF250132D4000562F3 /* MainViewController.swift */,
			);
			path = View;
			sourceTree = "<group>";
		};
		9220A0F7250132F7000562F3 /* Services */ = {
			isa = PBXGroup;
			children = (
				9220A0FA250132F7000562F3 /* NetworkLayer */,
				92C3177625016463000FC593 /* OutputLayer */,
			);
			path = Services;
			sourceTree = "<group>";
		};
		9220A0FA250132F7000562F3 /* NetworkLayer */ = {
			isa = PBXGroup;
			children = (
				9220A0FB250132F7000562F3 /* NetworkService.swift */,
			);
			path = NetworkLayer;
			sourceTree = "<group>";
		};
		9220A0FE25013368000562F3 /* Helpers */ = {
			isa = PBXGroup;
			children = (
				924521102427AC360050F4DD /* BarcodeRectangleView.swift */,
				92C31774250160EC000FC593 /* Attributes.swift */,
			);
			path = Helpers;
			sourceTree = "<group>";
		};
		9254557324265D65007F5FD4 = {
			isa = PBXGroup;
			children = (
				9254557E24265D65007F5FD4 /* BarcodeScanner */,
				9254557D24265D65007F5FD4 /* Products */,
				1D168A74C45B9B979B0659DA /* Pods */,
				ADF2B6EB63A2FEF070267165 /* Frameworks */,
			);
			sourceTree = "<group>";
		};
		9254557D24265D65007F5FD4 /* Products */ = {
			isa = PBXGroup;
			children = (
				9254557C24265D65007F5FD4 /* BarcodeScanner.app */,
			);
			name = Products;
			sourceTree = "<group>";
		};
		9254557E24265D65007F5FD4 /* BarcodeScanner */ = {
			isa = PBXGroup;
			children = (
				08FBAB7C26A20CB100DF4592 /* Common */,
				08FBAB7A26A20C9100DF4592 /* Modules */,
				08FBAB7926A20BA000DF4592 /* Supporting Files */,
			);
			path = BarcodeScanner;
			sourceTree = "<group>";
		};
		92C3177625016463000FC593 /* OutputLayer */ = {
			isa = PBXGroup;
			children = (
				92C3177725016479000FC593 /* PopupBuilder.swift */,
			);
			path = OutputLayer;
			sourceTree = "<group>";
		};
		92ECA6DE242920D000CCE0B7 /* Font */ = {
			isa = PBXGroup;
			children = (
				92ECA6E6242920D000CCE0B7 /* ProximaNovaExCn-Thin.ttf */,
				92ECA6E7242920D000CCE0B7 /* ProximaNovaExCn-Light.ttf */,
				92ECA6ED242920D000CCE0B7 /* ProximaNovaExCn-Regular.ttf */,
				92ECA6F2242920D000CCE0B7 /* ProximaNovaExCn-Bold.ttf */,
			);
			path = Font;
			sourceTree = "<group>";
		};
		ADF2B6EB63A2FEF070267165 /* Frameworks */ = {
			isa = PBXGroup;
			children = (
				F63026D1ABCF9F9F9E9B3E1D /* libPods-BarcodeScanner.a */,
			);
			name = Frameworks;
			sourceTree = "<group>";
		};
/* End PBXGroup section */

/* Begin PBXNativeTarget section */
		9254557B24265D65007F5FD4 /* BarcodeScanner */ = {
			isa = PBXNativeTarget;
			buildConfigurationList = 9254559024265D66007F5FD4 /* Build configuration list for PBXNativeTarget "BarcodeScanner" */;
			buildPhases = (
				DE18BDFE1ACC8162E13A9DD2 /* [CP] Check Pods Manifest.lock */,
				9254557824265D65007F5FD4 /* Sources */,
				9254557924265D65007F5FD4 /* Frameworks */,
				9254557A24265D65007F5FD4 /* Resources */,
			);
			buildRules = (
			);
			dependencies = (
			);
			name = BarcodeScanner;
			productName = BarcodeScanner;
			productReference = 9254557C24265D65007F5FD4 /* BarcodeScanner.app */;
			productType = "com.apple.product-type.application";
		};
/* End PBXNativeTarget section */

/* Begin PBXProject section */
		9254557424265D65007F5FD4 /* Project object */ = {
			isa = PBXProject;
			attributes = {
				LastSwiftUpdateCheck = 1130;
				LastUpgradeCheck = 1130;
				ORGANIZATIONNAME = "onl1ner onl1ner";
				TargetAttributes = {
					9254557B24265D65007F5FD4 = {
						CreatedOnToolsVersion = 11.3.1;
					};
				};
			};
			buildConfigurationList = 9254557724265D65007F5FD4 /* Build configuration list for PBXProject "BarcodeScanner" */;
			compatibilityVersion = "Xcode 9.3";
			developmentRegion = en;
			hasScannedForEncodings = 0;
			knownRegions = (
				en,
				Base,
			);
			mainGroup = 9254557324265D65007F5FD4;
			productRefGroup = 9254557D24265D65007F5FD4 /* Products */;
			projectDirPath = "";
			projectRoot = "";
			targets = (
				9254557B24265D65007F5FD4 /* BarcodeScanner */,
			);
		};
/* End PBXProject section */

/* Begin PBXResourcesBuildPhase section */
		9254557A24265D65007F5FD4 /* Resources */ = {
			isa = PBXResourcesBuildPhase;
			buildActionMask = 2147483647;
			files = (
				92ECA7342429297E00CCE0B7 /* ErrorPopup.xib in Resources */,
				9254558C24265D66007F5FD4 /* LaunchScreen.storyboard in Resources */,
				92ECA711242920D000CCE0B7 /* ProximaNovaExCn-Light.ttf in Resources */,
				9254558924265D66007F5FD4 /* Assets.xcassets in Resources */,
				92ECA717242920D000CCE0B7 /* ProximaNovaExCn-Regular.ttf in Resources */,
				924521202427CCB00050F4DD /* ProductView.xib in Resources */,
				92ECA71C242920D000CCE0B7 /* ProximaNovaExCn-Bold.ttf in Resources */,
				9220A0F2250132D4000562F3 /* MainViewController.xib in Resources */,
				92ECA710242920D000CCE0B7 /* ProximaNovaExCn-Thin.ttf in Resources */,
			);
			runOnlyForDeploymentPostprocessing = 0;
		};
/* End PBXResourcesBuildPhase section */

/* Begin PBXShellScriptBuildPhase section */
		DE18BDFE1ACC8162E13A9DD2 /* [CP] Check Pods Manifest.lock */ = {
			isa = PBXShellScriptBuildPhase;
			buildActionMask = 2147483647;
			files = (
			);
			inputFileListPaths = (
			);
			inputPaths = (
				"${PODS_PODFILE_DIR_PATH}/Podfile.lock",
				"${PODS_ROOT}/Manifest.lock",
			);
			name = "[CP] Check Pods Manifest.lock";
			outputFileListPaths = (
			);
			outputPaths = (
				"$(DERIVED_FILE_DIR)/Pods-BarcodeScanner-checkManifestLockResult.txt",
			);
			runOnlyForDeploymentPostprocessing = 0;
			shellPath = /bin/sh;
			shellScript = "diff \"${PODS_PODFILE_DIR_PATH}/Podfile.lock\" \"${PODS_ROOT}/Manifest.lock\" > /dev/null\nif [ $? != 0 ] ; then\n    # print error to STDERR\n    echo \"error: The sandbox is not in sync with the Podfile.lock. Run 'pod install' or update your CocoaPods installation.\" >&2\n    exit 1\nfi\n# This output is used by Xcode 'outputs' to avoid re-running this script phase.\necho \"SUCCESS\" > \"${SCRIPT_OUTPUT_FILE_0}\"\n";
			showEnvVarsInLog = 0;
		};
/* End PBXShellScriptBuildPhase section */

/* Begin PBXSourcesBuildPhase section */
		9254557824265D65007F5FD4 /* Sources */ = {
			isa = PBXSourcesBuildPhase;
			buildActionMask = 2147483647;
			files = (
				924521222427CCDA0050F4DD /* ProductView.swift in Sources */,
				924521112427AC360050F4DD /* BarcodeRectangleView.swift in Sources */,
				92C3177825016479000FC593 /* PopupBuilder.swift in Sources */,
				0806B0B726A2BBB600489884 /* MainRouter.swift in Sources */,
				9220A0FD250132F7000562F3 /* NetworkService.swift in Sources */,
				9254558024265D65007F5FD4 /* AppDelegate.swift in Sources */,
				92C3177B2501718B000FC593 /* GoogleResponse.swift in Sources */,
				9220A0F3250132D4000562F3 /* MainViewController.swift in Sources */,
				92C31775250160EC000FC593 /* Attributes.swift in Sources */,
				9220A0FC250132F7000562F3 /* STCamera.swift in Sources */,
				9220A0F0250132D4000562F3 /* MainPresenter.swift in Sources */,
				9254558224265D65007F5FD4 /* SceneDelegate.swift in Sources */,
				0806B0B326A2B96400489884 /* FlashlightStatus.swift in Sources */,
				92ECA738242A347800CCE0B7 /* UIView.swift in Sources */,
				0806B0BF26A2C14700489884 /* STModal.swift in Sources */,
				0806B0C226A2C17000489884 /* STAlert.swift in Sources */,
				0806B0BB26A2BD7B00489884 /* MainBuilder.swift in Sources */,
				92ECA73624292C7F00CCE0B7 /* ErrorPopup.swift in Sources */,
				9220A0F1250132D4000562F3 /* Product.swift in Sources */,
				9220A0F6250132EC000562F3 /* UIViewController.swift in Sources */,
			);
			runOnlyForDeploymentPostprocessing = 0;
		};
/* End PBXSourcesBuildPhase section */

/* Begin PBXVariantGroup section */
		9254558A24265D66007F5FD4 /* LaunchScreen.storyboard */ = {
			isa = PBXVariantGroup;
			children = (
				9254558B24265D66007F5FD4 /* Base */,
			);
			name = LaunchScreen.storyboard;
			sourceTree = "<group>";
		};
/* End PBXVariantGroup section */

/* Begin XCBuildConfiguration section */
		9254558E24265D66007F5FD4 /* Debug */ = {
			isa = XCBuildConfiguration;
			buildSettings = {
				ALWAYS_SEARCH_USER_PATHS = NO;
				CLANG_ANALYZER_NONNULL = YES;
				CLANG_ANALYZER_NUMBER_OBJECT_CONVERSION = YES_AGGRESSIVE;
				CLANG_CXX_LANGUAGE_STANDARD = "gnu++14";
				CLANG_CXX_LIBRARY = "libc++";
				CLANG_ENABLE_MODULES = YES;
				CLANG_ENABLE_OBJC_ARC = YES;
				CLANG_ENABLE_OBJC_WEAK = YES;
				CLANG_WARN_BLOCK_CAPTURE_AUTORELEASING = YES;
				CLANG_WARN_BOOL_CONVERSION = YES;
				CLANG_WARN_COMMA = YES;
				CLANG_WARN_CONSTANT_CONVERSION = YES;
				CLANG_WARN_DEPRECATED_OBJC_IMPLEMENTATIONS = YES;
				CLANG_WARN_DIRECT_OBJC_ISA_USAGE = YES_ERROR;
				CLANG_WARN_DOCUMENTATION_COMMENTS = YES;
				CLANG_WARN_EMPTY_BODY = YES;
				CLANG_WARN_ENUM_CONVERSION = YES;
				CLANG_WARN_INFINITE_RECURSION = YES;
				CLANG_WARN_INT_CONVERSION = YES;
				CLANG_WARN_NON_LITERAL_NULL_CONVERSION = YES;
				CLANG_WARN_OBJC_IMPLICIT_RETAIN_SELF = YES;
				CLANG_WARN_OBJC_LITERAL_CONVERSION = YES;
				CLANG_WARN_OBJC_ROOT_CLASS = YES_ERROR;
				CLANG_WARN_RANGE_LOOP_ANALYSIS = YES;
				CLANG_WARN_STRICT_PROTOTYPES = YES;
				CLANG_WARN_SUSPICIOUS_MOVE = YES;
				CLANG_WARN_UNGUARDED_AVAILABILITY = YES_AGGRESSIVE;
				CLANG_WARN_UNREACHABLE_CODE = YES;
				CLANG_WARN__DUPLICATE_METHOD_MATCH = YES;
				COPY_PHASE_STRIP = NO;
				DEBUG_INFORMATION_FORMAT = dwarf;
				ENABLE_STRICT_OBJC_MSGSEND = YES;
				ENABLE_TESTABILITY = YES;
				GCC_C_LANGUAGE_STANDARD = gnu11;
				GCC_DYNAMIC_NO_PIC = NO;
				GCC_NO_COMMON_BLOCKS = YES;
				GCC_OPTIMIZATION_LEVEL = 0;
				GCC_PREPROCESSOR_DEFINITIONS = (
					"DEBUG=1",
					"$(inherited)",
				);
				GCC_WARN_64_TO_32_BIT_CONVERSION = YES;
				GCC_WARN_ABOUT_RETURN_TYPE = YES_ERROR;
				GCC_WARN_UNDECLARED_SELECTOR = YES;
				GCC_WARN_UNINITIALIZED_AUTOS = YES_AGGRESSIVE;
				GCC_WARN_UNUSED_FUNCTION = YES;
				GCC_WARN_UNUSED_VARIABLE = YES;
				IPHONEOS_DEPLOYMENT_TARGET = 13.2;
				MTL_ENABLE_DEBUG_INFO = INCLUDE_SOURCE;
				MTL_FAST_MATH = YES;
				ONLY_ACTIVE_ARCH = YES;
				SDKROOT = iphoneos;
				SWIFT_ACTIVE_COMPILATION_CONDITIONS = DEBUG;
				SWIFT_OPTIMIZATION_LEVEL = "-Onone";
			};
			name = Debug;
		};
		9254558F24265D66007F5FD4 /* Release */ = {
			isa = XCBuildConfiguration;
			buildSettings = {
				ALWAYS_SEARCH_USER_PATHS = NO;
				CLANG_ANALYZER_NONNULL = YES;
				CLANG_ANALYZER_NUMBER_OBJECT_CONVERSION = YES_AGGRESSIVE;
				CLANG_CXX_LANGUAGE_STANDARD = "gnu++14";
				CLANG_CXX_LIBRARY = "libc++";
				CLANG_ENABLE_MODULES = YES;
				CLANG_ENABLE_OBJC_ARC = YES;
				CLANG_ENABLE_OBJC_WEAK = YES;
				CLANG_WARN_BLOCK_CAPTURE_AUTORELEASING = YES;
				CLANG_WARN_BOOL_CONVERSION = YES;
				CLANG_WARN_COMMA = YES;
				CLANG_WARN_CONSTANT_CONVERSION = YES;
				CLANG_WARN_DEPRECATED_OBJC_IMPLEMENTATIONS = YES;
				CLANG_WARN_DIRECT_OBJC_ISA_USAGE = YES_ERROR;
				CLANG_WARN_DOCUMENTATION_COMMENTS = YES;
				CLANG_WARN_EMPTY_BODY = YES;
				CLANG_WARN_ENUM_CONVERSION = YES;
				CLANG_WARN_INFINITE_RECURSION = YES;
				CLANG_WARN_INT_CONVERSION = YES;
				CLANG_WARN_NON_LITERAL_NULL_CONVERSION = YES;
				CLANG_WARN_OBJC_IMPLICIT_RETAIN_SELF = YES;
				CLANG_WARN_OBJC_LITERAL_CONVERSION = YES;
				CLANG_WARN_OBJC_ROOT_CLASS = YES_ERROR;
				CLANG_WARN_RANGE_LOOP_ANALYSIS = YES;
				CLANG_WARN_STRICT_PROTOTYPES = YES;
				CLANG_WARN_SUSPICIOUS_MOVE = YES;
				CLANG_WARN_UNGUARDED_AVAILABILITY = YES_AGGRESSIVE;
				CLANG_WARN_UNREACHABLE_CODE = YES;
				CLANG_WARN__DUPLICATE_METHOD_MATCH = YES;
				COPY_PHASE_STRIP = NO;
				DEBUG_INFORMATION_FORMAT = "dwarf-with-dsym";
				ENABLE_NS_ASSERTIONS = NO;
				ENABLE_STRICT_OBJC_MSGSEND = YES;
				GCC_C_LANGUAGE_STANDARD = gnu11;
				GCC_NO_COMMON_BLOCKS = YES;
				GCC_WARN_64_TO_32_BIT_CONVERSION = YES;
				GCC_WARN_ABOUT_RETURN_TYPE = YES_ERROR;
				GCC_WARN_UNDECLARED_SELECTOR = YES;
				GCC_WARN_UNINITIALIZED_AUTOS = YES_AGGRESSIVE;
				GCC_WARN_UNUSED_FUNCTION = YES;
				GCC_WARN_UNUSED_VARIABLE = YES;
				IPHONEOS_DEPLOYMENT_TARGET = 13.2;
				MTL_ENABLE_DEBUG_INFO = NO;
				MTL_FAST_MATH = YES;
				SDKROOT = iphoneos;
				SWIFT_COMPILATION_MODE = wholemodule;
				SWIFT_OPTIMIZATION_LEVEL = "-O";
				VALIDATE_PRODUCT = YES;
			};
			name = Release;
		};
		9254559124265D66007F5FD4 /* Debug */ = {
			isa = XCBuildConfiguration;
			baseConfigurationReference = 79180CF1F92ACB640AF74021 /* Pods-BarcodeScanner.debug.xcconfig */;
			buildSettings = {
				ASSETCATALOG_COMPILER_APPICON_NAME = AppIcon;
				CODE_SIGN_STYLE = Automatic;
				DEVELOPMENT_TEAM = H72YUS24CN;
				INFOPLIST_FILE = "BarcodeScanner/Supporting Files/Info.plist";
				IPHONEOS_DEPLOYMENT_TARGET = 13.0;
				LD_RUNPATH_SEARCH_PATHS = (
					"$(inherited)",
					"@executable_path/Frameworks",
				);
				MARKETING_VERSION = 2.0;
				PRODUCT_BUNDLE_IDENTIFIER = com.ean.barcode.scanner;
				PRODUCT_NAME = "$(TARGET_NAME)";
				SWIFT_VERSION = 5.0;
				TARGETED_DEVICE_FAMILY = 1;
			};
			name = Debug;
		};
		9254559224265D66007F5FD4 /* Release */ = {
			isa = XCBuildConfiguration;
			baseConfigurationReference = EF879855EA857755783B90DA /* Pods-BarcodeScanner.release.xcconfig */;
			buildSettings = {
				ASSETCATALOG_COMPILER_APPICON_NAME = AppIcon;
				CODE_SIGN_STYLE = Automatic;
				DEVELOPMENT_TEAM = H72YUS24CN;
				INFOPLIST_FILE = "BarcodeScanner/Supporting Files/Info.plist";
				IPHONEOS_DEPLOYMENT_TARGET = 13.0;
				LD_RUNPATH_SEARCH_PATHS = (
					"$(inherited)",
					"@executable_path/Frameworks",
				);
				MARKETING_VERSION = 2.0;
				PRODUCT_BUNDLE_IDENTIFIER = com.ean.barcode.scanner;
				PRODUCT_NAME = "$(TARGET_NAME)";
				SWIFT_VERSION = 5.0;
				TARGETED_DEVICE_FAMILY = 1;
			};
			name = Release;
		};
/* End XCBuildConfiguration section */

/* Begin XCConfigurationList section */
		9254557724265D65007F5FD4 /* Build configuration list for PBXProject "BarcodeScanner" */ = {
			isa = XCConfigurationList;
			buildConfigurations = (
				9254558E24265D66007F5FD4 /* Debug */,
				9254558F24265D66007F5FD4 /* Release */,
			);
			defaultConfigurationIsVisible = 0;
			defaultConfigurationName = Release;
		};
		9254559024265D66007F5FD4 /* Build configuration list for PBXNativeTarget "BarcodeScanner" */ = {
			isa = XCConfigurationList;
			buildConfigurations = (
				9254559124265D66007F5FD4 /* Debug */,
				9254559224265D66007F5FD4 /* Release */,
			);
			defaultConfigurationIsVisible = 0;
			defaultConfigurationName = Release;
		};
/* End XCConfigurationList section */
	};
	rootObject = 9254557424265D65007F5FD4 /* Project object */;
}
