// !$*UTF8*$!
{
	archiveVersion = 1;
	classes = {
	};
	objectVersion = 50;
	objects = {

/* Begin PBXBuildFile section */
		924521112427AC360050F4DD /* BarcodeRectangleView.swift in Sources */ = {isa = PBXBuildFile; fileRef = 924521102427AC360050F4DD /* BarcodeRectangleView.swift */; };
		924521172427B4FC0050F4DD /* ViewController.swift in Sources */ = {isa = PBXBuildFile; fileRef = 924521162427B4FC0050F4DD /* ViewController.swift */; };
		9245211A2427B58A0050F4DD /* BarcodeDB.swift in Sources */ = {isa = PBXBuildFile; fileRef = 924521192427B58A0050F4DD /* BarcodeDB.swift */; };
		9245211C2427B59F0050F4DD /* GoogleSearch.swift in Sources */ = {isa = PBXBuildFile; fileRef = 9245211B2427B59F0050F4DD /* GoogleSearch.swift */; };
		924521202427CCB00050F4DD /* ProductPopup.xib in Resources */ = {isa = PBXBuildFile; fileRef = 9245211F2427CCB00050F4DD /* ProductPopup.xib */; };
		924521222427CCDA0050F4DD /* ProductPopup.swift in Sources */ = {isa = PBXBuildFile; fileRef = 924521212427CCDA0050F4DD /* ProductPopup.swift */; };
		924521242427D5660050F4DD /* Product.swift in Sources */ = {isa = PBXBuildFile; fileRef = 924521232427D5660050F4DD /* Product.swift */; };
		924521262427D6780050F4DD /* Config.swift in Sources */ = {isa = PBXBuildFile; fileRef = 924521252427D6780050F4DD /* Config.swift */; };
		9254558024265D65007F5FD4 /* AppDelegate.swift in Sources */ = {isa = PBXBuildFile; fileRef = 9254557F24265D65007F5FD4 /* AppDelegate.swift */; };
		9254558224265D65007F5FD4 /* SceneDelegate.swift in Sources */ = {isa = PBXBuildFile; fileRef = 9254558124265D65007F5FD4 /* SceneDelegate.swift */; };
		9254558724265D65007F5FD4 /* Main.storyboard in Resources */ = {isa = PBXBuildFile; fileRef = 9254558524265D65007F5FD4 /* Main.storyboard */; };
		9254558924265D66007F5FD4 /* Assets.xcassets in Resources */ = {isa = PBXBuildFile; fileRef = 9254558824265D66007F5FD4 /* Assets.xcassets */; };
		9254558C24265D66007F5FD4 /* LaunchScreen.storyboard in Resources */ = {isa = PBXBuildFile; fileRef = 9254558A24265D66007F5FD4 /* LaunchScreen.storyboard */; };
		9254559424265F3E007F5FD4 /* MainViewController.swift in Sources */ = {isa = PBXBuildFile; fileRef = 9254559324265F3E007F5FD4 /* MainViewController.swift */; };
		97881F8C633C23FB77BCF6F2 /* libPods-BarcodeScanner.a in Frameworks */ = {isa = PBXBuildFile; fileRef = 6F6FDE493FCDD3BE2C5E5F0C /* libPods-BarcodeScanner.a */; };
/* End PBXBuildFile section */

/* Begin PBXFileReference section */
		6F6FDE493FCDD3BE2C5E5F0C /* libPods-BarcodeScanner.a */ = {isa = PBXFileReference; explicitFileType = archive.ar; includeInIndex = 0; path = "libPods-BarcodeScanner.a"; sourceTree = BUILT_PRODUCTS_DIR; };
		79180CF1F92ACB640AF74021 /* Pods-BarcodeScanner.debug.xcconfig */ = {isa = PBXFileReference; includeInIndex = 1; lastKnownFileType = text.xcconfig; name = "Pods-BarcodeScanner.debug.xcconfig"; path = "Target Support Files/Pods-BarcodeScanner/Pods-BarcodeScanner.debug.xcconfig"; sourceTree = "<group>"; };
		924521102427AC360050F4DD /* BarcodeRectangleView.swift */ = {isa = PBXFileReference; lastKnownFileType = sourcecode.swift; path = BarcodeRectangleView.swift; sourceTree = "<group>"; };
		924521162427B4FC0050F4DD /* ViewController.swift */ = {isa = PBXFileReference; lastKnownFileType = sourcecode.swift; path = ViewController.swift; sourceTree = "<group>"; };
		924521192427B58A0050F4DD /* BarcodeDB.swift */ = {isa = PBXFileReference; lastKnownFileType = sourcecode.swift; path = BarcodeDB.swift; sourceTree = "<group>"; };
		9245211B2427B59F0050F4DD /* GoogleSearch.swift */ = {isa = PBXFileReference; lastKnownFileType = sourcecode.swift; path = GoogleSearch.swift; sourceTree = "<group>"; };
		9245211F2427CCB00050F4DD /* ProductPopup.xib */ = {isa = PBXFileReference; lastKnownFileType = file.xib; path = ProductPopup.xib; sourceTree = "<group>"; };
		924521212427CCDA0050F4DD /* ProductPopup.swift */ = {isa = PBXFileReference; lastKnownFileType = sourcecode.swift; path = ProductPopup.swift; sourceTree = "<group>"; };
		924521232427D5660050F4DD /* Product.swift */ = {isa = PBXFileReference; lastKnownFileType = sourcecode.swift; path = Product.swift; sourceTree = "<group>"; };
		924521252427D6780050F4DD /* Config.swift */ = {isa = PBXFileReference; lastKnownFileType = sourcecode.swift; path = Config.swift; sourceTree = "<group>"; };
		9254557C24265D65007F5FD4 /* BarcodeScanner.app */ = {isa = PBXFileReference; explicitFileType = wrapper.application; includeInIndex = 0; path = BarcodeScanner.app; sourceTree = BUILT_PRODUCTS_DIR; };
		9254557F24265D65007F5FD4 /* AppDelegate.swift */ = {isa = PBXFileReference; lastKnownFileType = sourcecode.swift; path = AppDelegate.swift; sourceTree = "<group>"; };
		9254558124265D65007F5FD4 /* SceneDelegate.swift */ = {isa = PBXFileReference; lastKnownFileType = sourcecode.swift; path = SceneDelegate.swift; sourceTree = "<group>"; };
		9254558624265D65007F5FD4 /* Base */ = {isa = PBXFileReference; lastKnownFileType = file.storyboard; name = Base; path = Base.lproj/Main.storyboard; sourceTree = "<group>"; };
		9254558824265D66007F5FD4 /* Assets.xcassets */ = {isa = PBXFileReference; lastKnownFileType = folder.assetcatalog; path = Assets.xcassets; sourceTree = "<group>"; };
		9254558B24265D66007F5FD4 /* Base */ = {isa = PBXFileReference; lastKnownFileType = file.storyboard; name = Base; path = Base.lproj/LaunchScreen.storyboard; sourceTree = "<group>"; };
		9254558D24265D66007F5FD4 /* Info.plist */ = {isa = PBXFileReference; lastKnownFileType = text.plist.xml; path = Info.plist; sourceTree = "<group>"; };
		9254559324265F3E007F5FD4 /* MainViewController.swift */ = {isa = PBXFileReference; lastKnownFileType = sourcecode.swift; path = MainViewController.swift; sourceTree = "<group>"; };
		EF879855EA857755783B90DA /* Pods-BarcodeScanner.release.xcconfig */ = {isa = PBXFileReference; includeInIndex = 1; lastKnownFileType = text.xcconfig; name = "Pods-BarcodeScanner.release.xcconfig"; path = "Target Support Files/Pods-BarcodeScanner/Pods-BarcodeScanner.release.xcconfig"; sourceTree = "<group>"; };
/* End PBXFileReference section */

/* Begin PBXFrameworksBuildPhase section */
		9254557924265D65007F5FD4 /* Frameworks */ = {
			isa = PBXFrameworksBuildPhase;
			buildActionMask = 2147483647;
			files = (
				97881F8C633C23FB77BCF6F2 /* libPods-BarcodeScanner.a in Frameworks */,
			);
			runOnlyForDeploymentPostprocessing = 0;
		};
/* End PBXFrameworksBuildPhase section */

/* Begin PBXGroup section */
		1D168A74C45B9B979B0659DA /* Pods */ = {
			isa = PBXGroup;
			children = (
				79180CF1F92ACB640AF74021 /* Pods-BarcodeScanner.debug.xcconfig */,
				EF879855EA857755783B90DA /* Pods-BarcodeScanner.release.xcconfig */,
			);
			path = Pods;
			sourceTree = "<group>";
		};
		924521122427B3C10050F4DD /* Classes */ = {
			isa = PBXGroup;
			children = (
				924521182427B5600050F4DD /* Structures */,
				924521152427B4E80050F4DD /* Extensions */,
				924521142427B4BB0050F4DD /* Utils */,
				924521132427B3CA0050F4DD /* ViewControllers */,
			);
			path = Classes;
			sourceTree = "<group>";
		};
		924521132427B3CA0050F4DD /* ViewControllers */ = {
			isa = PBXGroup;
			children = (
				9254559324265F3E007F5FD4 /* MainViewController.swift */,
			);
			path = ViewControllers;
			sourceTree = "<group>";
		};
		924521142427B4BB0050F4DD /* Utils */ = {
			isa = PBXGroup;
			children = (
				924521102427AC360050F4DD /* BarcodeRectangleView.swift */,
				924521232427D5660050F4DD /* Product.swift */,
				924521252427D6780050F4DD /* Config.swift */,
			);
			path = Utils;
			sourceTree = "<group>";
		};
		924521152427B4E80050F4DD /* Extensions */ = {
			isa = PBXGroup;
			children = (
				924521162427B4FC0050F4DD /* ViewController.swift */,
			);
			path = Extensions;
			sourceTree = "<group>";
		};
		924521182427B5600050F4DD /* Structures */ = {
			isa = PBXGroup;
			children = (
				924521192427B58A0050F4DD /* BarcodeDB.swift */,
				9245211B2427B59F0050F4DD /* GoogleSearch.swift */,
			);
			path = Structures;
			sourceTree = "<group>";
		};
		9245211D2427CC370050F4DD /* UI */ = {
			isa = PBXGroup;
			children = (
				9245211E2427CC4B0050F4DD /* Popups */,
			);
			path = UI;
			sourceTree = "<group>";
		};
		9245211E2427CC4B0050F4DD /* Popups */ = {
			isa = PBXGroup;
			children = (
				9245211F2427CCB00050F4DD /* ProductPopup.xib */,
				924521212427CCDA0050F4DD /* ProductPopup.swift */,
			);
			path = Popups;
			sourceTree = "<group>";
		};
		9254557324265D65007F5FD4 = {
			isa = PBXGroup;
			children = (
				9254557E24265D65007F5FD4 /* BarcodeScanner */,
				9254557D24265D65007F5FD4 /* Products */,
				1D168A74C45B9B979B0659DA /* Pods */,
				ADF2B6EB63A2FEF070267165 /* Frameworks */,
			);
			sourceTree = "<group>";
		};
		9254557D24265D65007F5FD4 /* Products */ = {
			isa = PBXGroup;
			children = (
				9254557C24265D65007F5FD4 /* BarcodeScanner.app */,
			);
			name = Products;
			sourceTree = "<group>";
		};
		9254557E24265D65007F5FD4 /* BarcodeScanner */ = {
			isa = PBXGroup;
			children = (
				9245211D2427CC370050F4DD /* UI */,
				924521122427B3C10050F4DD /* Classes */,
				9254557F24265D65007F5FD4 /* AppDelegate.swift */,
				9254558124265D65007F5FD4 /* SceneDelegate.swift */,
				9254558524265D65007F5FD4 /* Main.storyboard */,
				9254558824265D66007F5FD4 /* Assets.xcassets */,
				9254558A24265D66007F5FD4 /* LaunchScreen.storyboard */,
				9254558D24265D66007F5FD4 /* Info.plist */,
			);
			path = BarcodeScanner;
			sourceTree = "<group>";
		};
		ADF2B6EB63A2FEF070267165 /* Frameworks */ = {
			isa = PBXGroup;
			children = (
				6F6FDE493FCDD3BE2C5E5F0C /* libPods-BarcodeScanner.a */,
			);
			name = Frameworks;
			sourceTree = "<group>";
		};
/* End PBXGroup section */

/* Begin PBXNativeTarget section */
		9254557B24265D65007F5FD4 /* BarcodeScanner */ = {
			isa = PBXNativeTarget;
			buildConfigurationList = 9254559024265D66007F5FD4 /* Build configuration list for PBXNativeTarget "BarcodeScanner" */;
			buildPhases = (
				DE18BDFE1ACC8162E13A9DD2 /* [CP] Check Pods Manifest.lock */,
				9254557824265D65007F5FD4 /* Sources */,
				9254557924265D65007F5FD4 /* Frameworks */,
				9254557A24265D65007F5FD4 /* Resources */,
			);
			buildRules = (
			);
			dependencies = (
			);
			name = BarcodeScanner;
			productName = BarcodeScanner;
			productReference = 9254557C24265D65007F5FD4 /* BarcodeScanner.app */;
			productType = "com.apple.product-type.application";
		};
/* End PBXNativeTarget section */

/* Begin PBXProject section */
		9254557424265D65007F5FD4 /* Project object */ = {
			isa = PBXProject;
			attributes = {
				LastSwiftUpdateCheck = 1130;
				LastUpgradeCheck = 1130;
				ORGANIZATIONNAME = "onl1ner onl1ner";
				TargetAttributes = {
					9254557B24265D65007F5FD4 = {
						CreatedOnToolsVersion = 11.3.1;
					};
				};
			};
			buildConfigurationList = 9254557724265D65007F5FD4 /* Build configuration list for PBXProject "BarcodeScanner" */;
			compatibilityVersion = "Xcode 9.3";
			developmentRegion = en;
			hasScannedForEncodings = 0;
			knownRegions = (
				en,
				Base,
			);
			mainGroup = 9254557324265D65007F5FD4;
			productRefGroup = 9254557D24265D65007F5FD4 /* Products */;
			projectDirPath = "";
			projectRoot = "";
			targets = (
				9254557B24265D65007F5FD4 /* BarcodeScanner */,
			);
		};
/* End PBXProject section */

/* Begin PBXResourcesBuildPhase section */
		9254557A24265D65007F5FD4 /* Resources */ = {
			isa = PBXResourcesBuildPhase;
			buildActionMask = 2147483647;
			files = (
				9254558C24265D66007F5FD4 /* LaunchScreen.storyboard in Resources */,
				9254558924265D66007F5FD4 /* Assets.xcassets in Resources */,
				924521202427CCB00050F4DD /* ProductPopup.xib in Resources */,
				9254558724265D65007F5FD4 /* Main.storyboard in Resources */,
			);
			runOnlyForDeploymentPostprocessing = 0;
		};
/* End PBXResourcesBuildPhase section */

/* Begin PBXShellScriptBuildPhase section */
		DE18BDFE1ACC8162E13A9DD2 /* [CP] Check Pods Manifest.lock */ = {
			isa = PBXShellScriptBuildPhase;
			buildActionMask = 2147483647;
			files = (
			);
			inputFileListPaths = (
			);
			inputPaths = (
				"${PODS_PODFILE_DIR_PATH}/Podfile.lock",
				"${PODS_ROOT}/Manifest.lock",
			);
			name = "[CP] Check Pods Manifest.lock";
			outputFileListPaths = (
			);
			outputPaths = (
				"$(DERIVED_FILE_DIR)/Pods-BarcodeScanner-checkManifestLockResult.txt",
			);
			runOnlyForDeploymentPostprocessing = 0;
			shellPath = /bin/sh;
			shellScript = "diff \"${PODS_PODFILE_DIR_PATH}/Podfile.lock\" \"${PODS_ROOT}/Manifest.lock\" > /dev/null\nif [ $? != 0 ] ; then\n    # print error to STDERR\n    echo \"error: The sandbox is not in sync with the Podfile.lock. Run 'pod install' or update your CocoaPods installation.\" >&2\n    exit 1\nfi\n# This output is used by Xcode 'outputs' to avoid re-running this script phase.\necho \"SUCCESS\" > \"${SCRIPT_OUTPUT_FILE_0}\"\n";
			showEnvVarsInLog = 0;
		};
/* End PBXShellScriptBuildPhase section */

/* Begin PBXSourcesBuildPhase section */
		9254557824265D65007F5FD4 /* Sources */ = {
			isa = PBXSourcesBuildPhase;
			buildActionMask = 2147483647;
			files = (
				924521172427B4FC0050F4DD /* ViewController.swift in Sources */,
				9245211C2427B59F0050F4DD /* GoogleSearch.swift in Sources */,
				924521222427CCDA0050F4DD /* ProductPopup.swift in Sources */,
				924521112427AC360050F4DD /* BarcodeRectangleView.swift in Sources */,
				9245211A2427B58A0050F4DD /* BarcodeDB.swift in Sources */,
				924521242427D5660050F4DD /* Product.swift in Sources */,
				9254558024265D65007F5FD4 /* AppDelegate.swift in Sources */,
				924521262427D6780050F4DD /* Config.swift in Sources */,
				9254558224265D65007F5FD4 /* SceneDelegate.swift in Sources */,
				9254559424265F3E007F5FD4 /* MainViewController.swift in Sources */,
			);
			runOnlyForDeploymentPostprocessing = 0;
		};
/* End PBXSourcesBuildPhase section */

/* Begin PBXVariantGroup section */
		9254558524265D65007F5FD4 /* Main.storyboard */ = {
			isa = PBXVariantGroup;
			children = (
				9254558624265D65007F5FD4 /* Base */,
			);
			name = Main.storyboard;
			sourceTree = "<group>";
		};
		9254558A24265D66007F5FD4 /* LaunchScreen.storyboard */ = {
			isa = PBXVariantGroup;
			children = (
				9254558B24265D66007F5FD4 /* Base */,
			);
			name = LaunchScreen.storyboard;
			sourceTree = "<group>";
		};
/* End PBXVariantGroup section */

/* Begin XCBuildConfiguration section */
		9254558E24265D66007F5FD4 /* Debug */ = {
			isa = XCBuildConfiguration;
			buildSettings = {
				ALWAYS_SEARCH_USER_PATHS = NO;
				CLANG_ANALYZER_NONNULL = YES;
				CLANG_ANALYZER_NUMBER_OBJECT_CONVERSION = YES_AGGRESSIVE;
				CLANG_CXX_LANGUAGE_STANDARD = "gnu++14";
				CLANG_CXX_LIBRARY = "libc++";
				CLANG_ENABLE_MODULES = YES;
				CLANG_ENABLE_OBJC_ARC = YES;
				CLANG_ENABLE_OBJC_WEAK = YES;
				CLANG_WARN_BLOCK_CAPTURE_AUTORELEASING = YES;
				CLANG_WARN_BOOL_CONVERSION = YES;
				CLANG_WARN_COMMA = YES;
				CLANG_WARN_CONSTANT_CONVERSION = YES;
				CLANG_WARN_DEPRECATED_OBJC_IMPLEMENTATIONS = YES;
				CLANG_WARN_DIRECT_OBJC_ISA_USAGE = YES_ERROR;
				CLANG_WARN_DOCUMENTATION_COMMENTS = YES;
				CLANG_WARN_EMPTY_BODY = YES;
				CLANG_WARN_ENUM_CONVERSION = YES;
				CLANG_WARN_INFINITE_RECURSION = YES;
				CLANG_WARN_INT_CONVERSION = YES;
				CLANG_WARN_NON_LITERAL_NULL_CONVERSION = YES;
				CLANG_WARN_OBJC_IMPLICIT_RETAIN_SELF = YES;
				CLANG_WARN_OBJC_LITERAL_CONVERSION = YES;
				CLANG_WARN_OBJC_ROOT_CLASS = YES_ERROR;
				CLANG_WARN_RANGE_LOOP_ANALYSIS = YES;
				CLANG_WARN_STRICT_PROTOTYPES = YES;
				CLANG_WARN_SUSPICIOUS_MOVE = YES;
				CLANG_WARN_UNGUARDED_AVAILABILITY = YES_AGGRESSIVE;
				CLANG_WARN_UNREACHABLE_CODE = YES;
				CLANG_WARN__DUPLICATE_METHOD_MATCH = YES;
				COPY_PHASE_STRIP = NO;
				DEBUG_INFORMATION_FORMAT = dwarf;
				ENABLE_STRICT_OBJC_MSGSEND = YES;
				ENABLE_TESTABILITY = YES;
				GCC_C_LANGUAGE_STANDARD = gnu11;
				GCC_DYNAMIC_NO_PIC = NO;
				GCC_NO_COMMON_BLOCKS = YES;
				GCC_OPTIMIZATION_LEVEL = 0;
				GCC_PREPROCESSOR_DEFINITIONS = (
					"DEBUG=1",
					"$(inherited)",
				);
				GCC_WARN_64_TO_32_BIT_CONVERSION = YES;
				GCC_WARN_ABOUT_RETURN_TYPE = YES_ERROR;
				GCC_WARN_UNDECLARED_SELECTOR = YES;
				GCC_WARN_UNINITIALIZED_AUTOS = YES_AGGRESSIVE;
				GCC_WARN_UNUSED_FUNCTION = YES;
				GCC_WARN_UNUSED_VARIABLE = YES;
				IPHONEOS_DEPLOYMENT_TARGET = 13.2;
				MTL_ENABLE_DEBUG_INFO = INCLUDE_SOURCE;
				MTL_FAST_MATH = YES;
				ONLY_ACTIVE_ARCH = YES;
				SDKROOT = iphoneos;
				SWIFT_ACTIVE_COMPILATION_CONDITIONS = DEBUG;
				SWIFT_OPTIMIZATION_LEVEL = "-Onone";
			};
			name = Debug;
		};
		9254558F24265D66007F5FD4 /* Release */ = {
			isa = XCBuildConfiguration;
			buildSettings = {
				ALWAYS_SEARCH_USER_PATHS = NO;
				CLANG_ANALYZER_NONNULL = YES;
				CLANG_ANALYZER_NUMBER_OBJECT_CONVERSION = YES_AGGRESSIVE;
				CLANG_CXX_LANGUAGE_STANDARD = "gnu++14";
				CLANG_CXX_LIBRARY = "libc++";
				CLANG_ENABLE_MODULES = YES;
				CLANG_ENABLE_OBJC_ARC = YES;
				CLANG_ENABLE_OBJC_WEAK = YES;
				CLANG_WARN_BLOCK_CAPTURE_AUTORELEASING = YES;
				CLANG_WARN_BOOL_CONVERSION = YES;
				CLANG_WARN_COMMA = YES;
				CLANG_WARN_CONSTANT_CONVERSION = YES;
				CLANG_WARN_DEPRECATED_OBJC_IMPLEMENTATIONS = YES;
				CLANG_WARN_DIRECT_OBJC_ISA_USAGE = YES_ERROR;
				CLANG_WARN_DOCUMENTATION_COMMENTS = YES;
				CLANG_WARN_EMPTY_BODY = YES;
				CLANG_WARN_ENUM_CONVERSION = YES;
				CLANG_WARN_INFINITE_RECURSION = YES;
				CLANG_WARN_INT_CONVERSION = YES;
				CLANG_WARN_NON_LITERAL_NULL_CONVERSION = YES;
				CLANG_WARN_OBJC_IMPLICIT_RETAIN_SELF = YES;
				CLANG_WARN_OBJC_LITERAL_CONVERSION = YES;
				CLANG_WARN_OBJC_ROOT_CLASS = YES_ERROR;
				CLANG_WARN_RANGE_LOOP_ANALYSIS = YES;
				CLANG_WARN_STRICT_PROTOTYPES = YES;
				CLANG_WARN_SUSPICIOUS_MOVE = YES;
				CLANG_WARN_UNGUARDED_AVAILABILITY = YES_AGGRESSIVE;
				CLANG_WARN_UNREACHABLE_CODE = YES;
				CLANG_WARN__DUPLICATE_METHOD_MATCH = YES;
				COPY_PHASE_STRIP = NO;
				DEBUG_INFORMATION_FORMAT = "dwarf-with-dsym";
				ENABLE_NS_ASSERTIONS = NO;
				ENABLE_STRICT_OBJC_MSGSEND = YES;
				GCC_C_LANGUAGE_STANDARD = gnu11;
				GCC_NO_COMMON_BLOCKS = YES;
				GCC_WARN_64_TO_32_BIT_CONVERSION = YES;
				GCC_WARN_ABOUT_RETURN_TYPE = YES_ERROR;
				GCC_WARN_UNDECLARED_SELECTOR = YES;
				GCC_WARN_UNINITIALIZED_AUTOS = YES_AGGRESSIVE;
				GCC_WARN_UNUSED_FUNCTION = YES;
				GCC_WARN_UNUSED_VARIABLE = YES;
				IPHONEOS_DEPLOYMENT_TARGET = 13.2;
				MTL_ENABLE_DEBUG_INFO = NO;
				MTL_FAST_MATH = YES;
				SDKROOT = iphoneos;
				SWIFT_COMPILATION_MODE = wholemodule;
				SWIFT_OPTIMIZATION_LEVEL = "-O";
				VALIDATE_PRODUCT = YES;
			};
			name = Release;
		};
		9254559124265D66007F5FD4 /* Debug */ = {
			isa = XCBuildConfiguration;
			baseConfigurationReference = 79180CF1F92ACB640AF74021 /* Pods-BarcodeScanner.debug.xcconfig */;
			buildSettings = {
				ASSETCATALOG_COMPILER_APPICON_NAME = AppIcon;
				CODE_SIGN_STYLE = Automatic;
				DEVELOPMENT_TEAM = H72YUS24CN;
				INFOPLIST_FILE = BarcodeScanner/Info.plist;
				LD_RUNPATH_SEARCH_PATHS = (
					"$(inherited)",
					"@executable_path/Frameworks",
				);
				PRODUCT_BUNDLE_IDENTIFIER = onl1ner.BarcodeScanner;
				PRODUCT_NAME = "$(TARGET_NAME)";
				SWIFT_VERSION = 5.0;
				TARGETED_DEVICE_FAMILY = "1,2";
			};
			name = Debug;
		};
		9254559224265D66007F5FD4 /* Release */ = {
			isa = XCBuildConfiguration;
			baseConfigurationReference = EF879855EA857755783B90DA /* Pods-BarcodeScanner.release.xcconfig */;
			buildSettings = {
				ASSETCATALOG_COMPILER_APPICON_NAME = AppIcon;
				CODE_SIGN_STYLE = Automatic;
				DEVELOPMENT_TEAM = H72YUS24CN;
				INFOPLIST_FILE = BarcodeScanner/Info.plist;
				LD_RUNPATH_SEARCH_PATHS = (
					"$(inherited)",
					"@executable_path/Frameworks",
				);
				PRODUCT_BUNDLE_IDENTIFIER = onl1ner.BarcodeScanner;
				PRODUCT_NAME = "$(TARGET_NAME)";
				SWIFT_VERSION = 5.0;
				TARGETED_DEVICE_FAMILY = "1,2";
			};
			name = Release;
		};
/* End XCBuildConfiguration section */

/* Begin XCConfigurationList section */
		9254557724265D65007F5FD4 /* Build configuration list for PBXProject "BarcodeScanner" */ = {
			isa = XCConfigurationList;
			buildConfigurations = (
				9254558E24265D66007F5FD4 /* Debug */,
				9254558F24265D66007F5FD4 /* Release */,
			);
			defaultConfigurationIsVisible = 0;
			defaultConfigurationName = Release;
		};
		9254559024265D66007F5FD4 /* Build configuration list for PBXNativeTarget "BarcodeScanner" */ = {
			isa = XCConfigurationList;
			buildConfigurations = (
				9254559124265D66007F5FD4 /* Debug */,
				9254559224265D66007F5FD4 /* Release */,
			);
			defaultConfigurationIsVisible = 0;
			defaultConfigurationName = Release;
		};
/* End XCConfigurationList section */
	};
	rootObject = 9254557424265D65007F5FD4 /* Project object */;
}
